schema: '2.0'
stages:
  data_ingestion:
    cmd: python src/fightClassifier/pipeline/data_ingestion_pipeline.py
    deps:
    - path: config/config.yaml
      hash: md5
      md5: debe562bf58c85bf33a55c95b19c439b
      size: 1171
    - path: src/fightClassifier/pipeline/data_ingestion_pipeline.py
      hash: md5
      md5: 9717f3ae0fc80088081b4984e3801003
      size: 610
    outs:
    - path: artifacts/kaggle_dataset
      hash: md5
      md5: 4156340730f4db8b660d12056f663f63.dir
      size: 769857536
      nfiles: 201
  data_preprocessing:
    cmd: python src/fightClassifier/pipeline/data_preprocessing.py
    deps:
    - path: config/config.yaml
      hash: md5
      md5: debe562bf58c85bf33a55c95b19c439b
      size: 1171
    - path: src/fightClassifier/pipeline/data_preprocessing.py
      hash: md5
      md5: c531bf2eea02da42508cfdf2a2ee28e7
      size: 1475
    outs:
    - path: artifacts/preprocessed_data
      hash: md5
      md5: 2ecec53474ce9d29c0d6ecef6e4ac7ac.dir
      size: 414943310
      nfiles: 1
  data_loader:
    cmd: python src/fightClassifier/pipeline/data_loader_pipeline.py
    deps:
    - path: config/config.yaml
      hash: md5
      md5: debe562bf58c85bf33a55c95b19c439b
      size: 1171
    - path: src/fightClassifier/pipeline/data_loader_pipeline.py
      hash: md5
      md5: 00d3dbe1586cf4383582b3db8031e74a
      size: 1387
    outs:
    - path: artifacts/loader
      hash: md5
      md5: f94a79bdfca7cc5beeb80b25d11118f6.dir
      size: 1659766414
      nfiles: 9
  model_training:
    cmd: python src/fightClassifier/pipeline/model_training_pipeline.py
    deps:
    - path: config/config.yaml
      hash: md5
      md5: debe562bf58c85bf33a55c95b19c439b
      size: 1171
    - path: src/fightClassifier/pipeline/model_training_pipeline.py
      hash: md5
      md5: 1b65481c0c27b87c257ba853b760a5ca
      size: 1147
    outs:
    - path: artifacts/models
      hash: md5
      md5: 5810a5913b2c1d44f79cbc2eb616426a.dir
      size: 3501113
      nfiles: 1
  evaluate:
    cmd: python src/fightClassifier/pipeline/evaluate_pipeline.py
    deps:
    - path: config/config.yaml
      hash: md5
      md5: debe562bf58c85bf33a55c95b19c439b
      size: 1171
    - path: src/fightClassifier/pipeline/evaluate_pipeline.py
      hash: md5
      md5: b3a75f24e3d5ee5fcd4b95c516e554b7
      size: 599
  mlflow_setup:
    cmd: python src/fightClassifier/pipeline/daghub_mlflow_pipeline.py
    deps:
    - path: config/config.yaml
      hash: md5
      md5: debe562bf58c85bf33a55c95b19c439b
      size: 1171
    - path: src/fightClassifier/pipeline/daghub_mlflow_pipeline.py
      hash: md5
      md5: 543ef31e2fcf2f917f99fe68308526e2
      size: 537
